
Microsoft Visual Studio Solution File, Format Version 12.00
# Visual Studio Version 16
VisualStudioVersion = 16.0.30114.105
MinimumVisualStudioVersion = 10.0.40219.1
Project("{FAE04EC0-301F-11D3-BF4B-00C04F79EFBC}") = "Account.Query.Api", "Account.Query.Api\Account.Query.Api.csproj", "{A34BE340-8AE8-4001-985E-E80B8B6F39D2}"
EndProject
Project("{FAE04EC0-301F-11D3-BF4B-00C04F79EFBC}") = "Account.Query.Domain", "Account.Query.Domain\Account.Query.Domain.csproj", "{AE11375C-EDF3-4532-B653-5DDB6ED54E95}"
EndProject
Project("{FAE04EC0-301F-11D3-BF4B-00C04F79EFBC}") = "Account.Query.Infrastructure", "Account.Query.Infrastructure\Account.Query.Infrastructure.csproj", "{B3177BC5-8DE4-4DAA-A6B6-A3E8F0E5F3A1}"
EndProject
Project("{FAE04EC0-301F-11D3-BF4B-00C04F79EFBC}") = "Account.Common", "..\Account.Common\Account.Common.csproj", "{F5CDDEC5-03E8-41E7-B2F4-F86787C1758A}"
EndProject
Project("{FAE04EC0-301F-11D3-BF4B-00C04F79EFBC}") = "CQRS.Core", "..\..\CQRS-ES\CQRS.Core\CQRS.Core.csproj", "{DE85B6E6-EABB-4941-BB8D-D08804CA4500}"
EndProject
Global
	GlobalSection(SolutionConfigurationPlatforms) = preSolution
		Debug|Any CPU = Debug|Any CPU
		Release|Any CPU = Release|Any CPU
	EndGlobalSection
	GlobalSection(SolutionProperties) = preSolution
		HideSolutionNode = FALSE
	EndGlobalSection
	GlobalSection(ProjectConfigurationPlatforms) = postSolution
		{A34BE340-8AE8-4001-985E-E80B8B6F39D2}.Debug|Any CPU.ActiveCfg = Debug|Any CPU
		{A34BE340-8AE8-4001-985E-E80B8B6F39D2}.Debug|Any CPU.Build.0 = Debug|Any CPU
		{A34BE340-8AE8-4001-985E-E80B8B6F39D2}.Release|Any CPU.ActiveCfg = Release|Any CPU
		{A34BE340-8AE8-4001-985E-E80B8B6F39D2}.Release|Any CPU.Build.0 = Release|Any CPU
		{AE11375C-EDF3-4532-B653-5DDB6ED54E95}.Debug|Any CPU.ActiveCfg = Debug|Any CPU
		{AE11375C-EDF3-4532-B653-5DDB6ED54E95}.Debug|Any CPU.Build.0 = Debug|Any CPU
		{AE11375C-EDF3-4532-B653-5DDB6ED54E95}.Release|Any CPU.ActiveCfg = Release|Any CPU
		{AE11375C-EDF3-4532-B653-5DDB6ED54E95}.Release|Any CPU.Build.0 = Release|Any CPU
		{B3177BC5-8DE4-4DAA-A6B6-A3E8F0E5F3A1}.Debug|Any CPU.ActiveCfg = Debug|Any CPU
		{B3177BC5-8DE4-4DAA-A6B6-A3E8F0E5F3A1}.Debug|Any CPU.Build.0 = Debug|Any CPU
		{B3177BC5-8DE4-4DAA-A6B6-A3E8F0E5F3A1}.Release|Any CPU.ActiveCfg = Release|Any CPU
		{B3177BC5-8DE4-4DAA-A6B6-A3E8F0E5F3A1}.Release|Any CPU.Build.0 = Release|Any CPU
		{F5CDDEC5-03E8-41E7-B2F4-F86787C1758A}.Debug|Any CPU.ActiveCfg = Debug|Any CPU
		{F5CDDEC5-03E8-41E7-B2F4-F86787C1758A}.Debug|Any CPU.Build.0 = Debug|Any CPU
		{F5CDDEC5-03E8-41E7-B2F4-F86787C1758A}.Release|Any CPU.ActiveCfg = Release|Any CPU
		{F5CDDEC5-03E8-41E7-B2F4-F86787C1758A}.Release|Any CPU.Build.0 = Release|Any CPU
		{DE85B6E6-EABB-4941-BB8D-D08804CA4500}.Debug|Any CPU.ActiveCfg = Debug|Any CPU
		{DE85B6E6-EABB-4941-BB8D-D08804CA4500}.Debug|Any CPU.Build.0 = Debug|Any CPU
		{DE85B6E6-EABB-4941-BB8D-D08804CA4500}.Release|Any CPU.ActiveCfg = Release|Any CPU
		{DE85B6E6-EABB-4941-BB8D-D08804CA4500}.Release|Any CPU.Build.0 = Release|Any CPU
	EndGlobalSection
EndGlobal
